dependencies:
- name: postgresql
  repository: file://charts/postgresql
  version: 8.6.4
- name: prometheus-postgres-exporter
  repository: file://charts/prometheus-postgres-exporter
  version: 3.0.3
digest: sha256:2a009b4ac9a73c067d9b77d9ba6275453beb3b3424dbab62f61f2c8e5ae6e3b4
generated: "2022-07-13T14:10:17.706483-04:00"
