dependencies:
- name: postgresql
  repository: https://charts.bitnami.com/bitnami
  version: 11.6.16
- name: prometheus-postgres-exporter
  repository: https://prometheus-community.github.io/helm-charts
  version: 3.0.3
digest: sha256:2cded32f6f8fd8e91b8539d6d1ccb9bf7a3b501aa7a93c6130c6041610027980
generated: "2022-07-15T15:51:58.131449-04:00"
